
Microsoft Visual Studio Solution File, Format Version 12.00
# Visual Studio 2013
VisualStudioVersion = 12.0.30723.0
MinimumVisualStudioVersion = 10.0.40219.1
Project("{8BC9CEB8-8B4A-11D0-8D11-00A0C91BC942}") = "P2PTest", "source\test\P2PTest\P2PTest.vcxproj", "{B1AF8495-E6CF-478B-97B8-EA69C701032B}"
	ProjectSection(ProjectDependencies) = postProject
		{ED99D404-F6B3-517A-4EA7-604A10269355} = {ED99D404-F6B3-517A-4EA7-604A10269355}
		{8140BE0A-2669-4FE6-A996-96261594C4FB} = {8140BE0A-2669-4FE6-A996-96261594C4FB}
		{110BB31A-1FA4-45E3-9FAE-E335BE8F892E} = {110BB31A-1FA4-45E3-9FAE-E335BE8F892E}
		{909B3A29-5274-434B-B735-DCA2EA7AF5E5} = {909B3A29-5274-434B-B735-DCA2EA7AF5E5}
		{9A10FA3A-5731-4CBD-8BBE-BD6D10661B47} = {9A10FA3A-5731-4CBD-8BBE-BD6D10661B47}
		{FF406463-E0EF-C1B2-C0B8-072E8EE1C97F} = {FF406463-E0EF-C1B2-C0B8-072E8EE1C97F}
		{B68EE2BD-0BA9-9949-464B-39FFE5CABD0A} = {B68EE2BD-0BA9-9949-464B-39FFE5CABD0A}
		{3299D5EE-4EE0-4C69-9D88-ECE1173634E5} = {3299D5EE-4EE0-4C69-9D88-ECE1173634E5}
	EndProjectSection
EndProject
Project("{8BC9CEB8-8B4A-11D0-8D11-00A0C91BC942}") = "p2p_base", "source\network\p2p_base\p2p_base.vcxproj", "{3299D5EE-4EE0-4C69-9D88-ECE1173634E5}"
EndProject
Project("{8BC9CEB8-8B4A-11D0-8D11-00A0C91BC942}") = "p2p_logic", "source\network\p2p_logic\p2p_logic.vcxproj", "{8140BE0A-2669-4FE6-A996-96261594C4FB}"
EndProject
Project("{8BC9CEB8-8B4A-11D0-8D11-00A0C91BC942}") = "file_base", "source\network\file_base\file_base.vcxproj", "{909B3A29-5274-434B-B735-DCA2EA7AF5E5}"
EndProject
Project("{8BC9CEB8-8B4A-11D0-8D11-00A0C91BC942}") = "network_base", "source\network\network_base\network_base.vcxproj", "{110BB31A-1FA4-45E3-9FAE-E335BE8F892E}"
EndProject
Project("{2150E333-8FDC-42A3-9474-1A3956D46DE8}") = "third_party", "third_party", "{AAC0FA92-E115-4115-AA49-62F6CF8F82BC}"
EndProject
Project("{2150E333-8FDC-42A3-9474-1A3956D46DE8}") = "chromium", "chromium", "{62A08E30-8841-4054-8D33-EEBBF4F68C04}"
EndProject
Project("{2150E333-8FDC-42A3-9474-1A3956D46DE8}") = "base", "base", "{8F955811-0DA5-48B4-8208-29596D9275B3}"
EndProject
Project("{8BC9CEB8-8B4A-11D0-8D11-00A0C91BC942}") = "base", "source\third_party\chromium\base\base.vcxproj", "{ED99D404-F6B3-517A-4EA7-604A10269355}"
EndProject
Project("{8BC9CEB8-8B4A-11D0-8D11-00A0C91BC942}") = "base_static", "source\third_party\chromium\base\base_static.vcxproj", "{FF406463-E0EF-C1B2-C0B8-072E8EE1C97F}"
EndProject
Project("{2150E333-8FDC-42A3-9474-1A3956D46DE8}") = "(dynamic_annotations)", "(dynamic_annotations)", "{FD276540-B6D1-4381-BD4E-8872110B90C1}"
EndProject
Project("{8BC9CEB8-8B4A-11D0-8D11-00A0C91BC942}") = "dynamic_annotations", "source\third_party\chromium\base\third_party\dynamic_annotations\dynamic_annotations.vcxproj", "{B68EE2BD-0BA9-9949-464B-39FFE5CABD0A}"
EndProject
Project("{2150E333-8FDC-42A3-9474-1A3956D46DE8}") = "help_libevent", "help_libevent", "{F2DE4597-89F1-4EF2-BC8C-838F932C8F12}"
EndProject
Project("{8BC9CEB8-8B4A-11D0-8D11-00A0C91BC942}") = "help_libevent", "source\third_party\help_libevent\help_libevent.vcxproj", "{9A10FA3A-5731-4CBD-8BBE-BD6D10661B47}"
EndProject
Project("{8BC9CEB8-8B4A-11D0-8D11-00A0C91BC942}") = "ConsoleTest", "source\test\ConsoleTest\ConsoleTest.vcxproj", "{FF431748-BB18-43FA-BAB5-7ED0318250CF}"
EndProject
Project("{8BC9CEB8-8B4A-11D0-8D11-00A0C91BC942}") = "base", "source\base\base.vcxproj", "{EA979133-FB61-4FA7-84FA-05636FE93815}"
EndProject
Global
	GlobalSection(SolutionConfigurationPlatforms) = preSolution
		Debug|Win32 = Debug|Win32
		Debug|x64 = Debug|x64
		Release|Win32 = Release|Win32
		Release|x64 = Release|x64
	EndGlobalSection
	GlobalSection(ProjectConfigurationPlatforms) = postSolution
		{B1AF8495-E6CF-478B-97B8-EA69C701032B}.Debug|Win32.ActiveCfg = Debug|Win32
		{B1AF8495-E6CF-478B-97B8-EA69C701032B}.Debug|Win32.Build.0 = Debug|Win32
		{B1AF8495-E6CF-478B-97B8-EA69C701032B}.Debug|x64.ActiveCfg = Debug|Win32
		{B1AF8495-E6CF-478B-97B8-EA69C701032B}.Release|Win32.ActiveCfg = Release|Win32
		{B1AF8495-E6CF-478B-97B8-EA69C701032B}.Release|Win32.Build.0 = Release|Win32
		{B1AF8495-E6CF-478B-97B8-EA69C701032B}.Release|x64.ActiveCfg = Release|Win32
		{3299D5EE-4EE0-4C69-9D88-ECE1173634E5}.Debug|Win32.ActiveCfg = Debug|Win32
		{3299D5EE-4EE0-4C69-9D88-ECE1173634E5}.Debug|Win32.Build.0 = Debug|Win32
		{3299D5EE-4EE0-4C69-9D88-ECE1173634E5}.Debug|x64.ActiveCfg = Debug|Win32
		{3299D5EE-4EE0-4C69-9D88-ECE1173634E5}.Release|Win32.ActiveCfg = Release|Win32
		{3299D5EE-4EE0-4C69-9D88-ECE1173634E5}.Release|Win32.Build.0 = Release|Win32
		{3299D5EE-4EE0-4C69-9D88-ECE1173634E5}.Release|x64.ActiveCfg = Release|Win32
		{8140BE0A-2669-4FE6-A996-96261594C4FB}.Debug|Win32.ActiveCfg = Debug|Win32
		{8140BE0A-2669-4FE6-A996-96261594C4FB}.Debug|Win32.Build.0 = Debug|Win32
		{8140BE0A-2669-4FE6-A996-96261594C4FB}.Debug|x64.ActiveCfg = Debug|Win32
		{8140BE0A-2669-4FE6-A996-96261594C4FB}.Release|Win32.ActiveCfg = Release|Win32
		{8140BE0A-2669-4FE6-A996-96261594C4FB}.Release|Win32.Build.0 = Release|Win32
		{8140BE0A-2669-4FE6-A996-96261594C4FB}.Release|x64.ActiveCfg = Release|Win32
		{909B3A29-5274-434B-B735-DCA2EA7AF5E5}.Debug|Win32.ActiveCfg = Debug|Win32
		{909B3A29-5274-434B-B735-DCA2EA7AF5E5}.Debug|Win32.Build.0 = Debug|Win32
		{909B3A29-5274-434B-B735-DCA2EA7AF5E5}.Debug|x64.ActiveCfg = Debug|Win32
		{909B3A29-5274-434B-B735-DCA2EA7AF5E5}.Release|Win32.ActiveCfg = Release|Win32
		{909B3A29-5274-434B-B735-DCA2EA7AF5E5}.Release|Win32.Build.0 = Release|Win32
		{909B3A29-5274-434B-B735-DCA2EA7AF5E5}.Release|x64.ActiveCfg = Release|Win32
		{110BB31A-1FA4-45E3-9FAE-E335BE8F892E}.Debug|Win32.ActiveCfg = Debug|Win32
		{110BB31A-1FA4-45E3-9FAE-E335BE8F892E}.Debug|Win32.Build.0 = Debug|Win32
		{110BB31A-1FA4-45E3-9FAE-E335BE8F892E}.Debug|x64.ActiveCfg = Debug|Win32
		{110BB31A-1FA4-45E3-9FAE-E335BE8F892E}.Release|Win32.ActiveCfg = Release|Win32
		{110BB31A-1FA4-45E3-9FAE-E335BE8F892E}.Release|Win32.Build.0 = Release|Win32
		{110BB31A-1FA4-45E3-9FAE-E335BE8F892E}.Release|x64.ActiveCfg = Release|Win32
		{ED99D404-F6B3-517A-4EA7-604A10269355}.Debug|Win32.ActiveCfg = Debug|Win32
		{ED99D404-F6B3-517A-4EA7-604A10269355}.Debug|Win32.Build.0 = Debug|Win32
		{ED99D404-F6B3-517A-4EA7-604A10269355}.Debug|x64.ActiveCfg = Debug|x64
		{ED99D404-F6B3-517A-4EA7-604A10269355}.Debug|x64.Build.0 = Debug|x64
		{ED99D404-F6B3-517A-4EA7-604A10269355}.Release|Win32.ActiveCfg = Release|Win32
		{ED99D404-F6B3-517A-4EA7-604A10269355}.Release|Win32.Build.0 = Release|Win32
		{ED99D404-F6B3-517A-4EA7-604A10269355}.Release|x64.ActiveCfg = Release|x64
		{ED99D404-F6B3-517A-4EA7-604A10269355}.Release|x64.Build.0 = Release|x64
		{FF406463-E0EF-C1B2-C0B8-072E8EE1C97F}.Debug|Win32.ActiveCfg = Debug|Win32
		{FF406463-E0EF-C1B2-C0B8-072E8EE1C97F}.Debug|Win32.Build.0 = Debug|Win32
		{FF406463-E0EF-C1B2-C0B8-072E8EE1C97F}.Debug|x64.ActiveCfg = Debug|x64
		{FF406463-E0EF-C1B2-C0B8-072E8EE1C97F}.Debug|x64.Build.0 = Debug|x64
		{FF406463-E0EF-C1B2-C0B8-072E8EE1C97F}.Release|Win32.ActiveCfg = Release|Win32
		{FF406463-E0EF-C1B2-C0B8-072E8EE1C97F}.Release|Win32.Build.0 = Release|Win32
		{FF406463-E0EF-C1B2-C0B8-072E8EE1C97F}.Release|x64.ActiveCfg = Release|x64
		{FF406463-E0EF-C1B2-C0B8-072E8EE1C97F}.Release|x64.Build.0 = Release|x64
		{B68EE2BD-0BA9-9949-464B-39FFE5CABD0A}.Debug|Win32.ActiveCfg = Debug|Win32
		{B68EE2BD-0BA9-9949-464B-39FFE5CABD0A}.Debug|Win32.Build.0 = Debug|Win32
		{B68EE2BD-0BA9-9949-464B-39FFE5CABD0A}.Debug|x64.ActiveCfg = Debug|x64
		{B68EE2BD-0BA9-9949-464B-39FFE5CABD0A}.Debug|x64.Build.0 = Debug|x64
		{B68EE2BD-0BA9-9949-464B-39FFE5CABD0A}.Release|Win32.ActiveCfg = Release|Win32
		{B68EE2BD-0BA9-9949-464B-39FFE5CABD0A}.Release|Win32.Build.0 = Release|Win32
		{B68EE2BD-0BA9-9949-464B-39FFE5CABD0A}.Release|x64.ActiveCfg = Release|x64
		{B68EE2BD-0BA9-9949-464B-39FFE5CABD0A}.Release|x64.Build.0 = Release|x64
		{9A10FA3A-5731-4CBD-8BBE-BD6D10661B47}.Debug|Win32.ActiveCfg = Debug|Win32
		{9A10FA3A-5731-4CBD-8BBE-BD6D10661B47}.Debug|Win32.Build.0 = Debug|Win32
		{9A10FA3A-5731-4CBD-8BBE-BD6D10661B47}.Debug|x64.ActiveCfg = Debug|Win32
		{9A10FA3A-5731-4CBD-8BBE-BD6D10661B47}.Release|Win32.ActiveCfg = Release|Win32
		{9A10FA3A-5731-4CBD-8BBE-BD6D10661B47}.Release|Win32.Build.0 = Release|Win32
		{9A10FA3A-5731-4CBD-8BBE-BD6D10661B47}.Release|x64.ActiveCfg = Release|Win32
		{FF431748-BB18-43FA-BAB5-7ED0318250CF}.Debug|Win32.ActiveCfg = Debug|Win32
		{FF431748-BB18-43FA-BAB5-7ED0318250CF}.Debug|Win32.Build.0 = Debug|Win32
		{FF431748-BB18-43FA-BAB5-7ED0318250CF}.Debug|x64.ActiveCfg = Debug|Win32
		{FF431748-BB18-43FA-BAB5-7ED0318250CF}.Release|Win32.ActiveCfg = Release|Win32
		{FF431748-BB18-43FA-BAB5-7ED0318250CF}.Release|Win32.Build.0 = Release|Win32
		{FF431748-BB18-43FA-BAB5-7ED0318250CF}.Release|x64.ActiveCfg = Release|Win32
		{EA979133-FB61-4FA7-84FA-05636FE93815}.Debug|Win32.ActiveCfg = Debug|Win32
		{EA979133-FB61-4FA7-84FA-05636FE93815}.Debug|Win32.Build.0 = Debug|Win32
		{EA979133-FB61-4FA7-84FA-05636FE93815}.Debug|x64.ActiveCfg = Debug|Win32
		{EA979133-FB61-4FA7-84FA-05636FE93815}.Release|Win32.ActiveCfg = Release|Win32
		{EA979133-FB61-4FA7-84FA-05636FE93815}.Release|Win32.Build.0 = Release|Win32
		{EA979133-FB61-4FA7-84FA-05636FE93815}.Release|x64.ActiveCfg = Release|Win32
	EndGlobalSection
	GlobalSection(SolutionProperties) = preSolution
		HideSolutionNode = FALSE
	EndGlobalSection
	GlobalSection(NestedProjects) = preSolution
		{62A08E30-8841-4054-8D33-EEBBF4F68C04} = {AAC0FA92-E115-4115-AA49-62F6CF8F82BC}
		{8F955811-0DA5-48B4-8208-29596D9275B3} = {62A08E30-8841-4054-8D33-EEBBF4F68C04}
		{ED99D404-F6B3-517A-4EA7-604A10269355} = {8F955811-0DA5-48B4-8208-29596D9275B3}
		{FF406463-E0EF-C1B2-C0B8-072E8EE1C97F} = {8F955811-0DA5-48B4-8208-29596D9275B3}
		{FD276540-B6D1-4381-BD4E-8872110B90C1} = {8F955811-0DA5-48B4-8208-29596D9275B3}
		{B68EE2BD-0BA9-9949-464B-39FFE5CABD0A} = {FD276540-B6D1-4381-BD4E-8872110B90C1}
		{F2DE4597-89F1-4EF2-BC8C-838F932C8F12} = {AAC0FA92-E115-4115-AA49-62F6CF8F82BC}
		{9A10FA3A-5731-4CBD-8BBE-BD6D10661B47} = {F2DE4597-89F1-4EF2-BC8C-838F932C8F12}
	EndGlobalSection
EndGlobal
